
Microsoft Visual Studio Solution File, Format Version 12.00
# Visual Studio Version 17
VisualStudioVersion = 17.8.34330.188
MinimumVisualStudioVersion = 10.0.40219.1
Project("{9A19103F-16F7-4668-BE54-9A1E7A4F7556}") = "CompanyAPI", "CompanyAPI\CompanyAPI.csproj", "{942AF7B6-ECA1-4D4F-8C56-07C462E99424}"
EndProject
Project("{FAE04EC0-301F-11D3-BF4B-00C04F79EFBC}") = "CompanyAPI.Database", "CompanyAPI.Database\CompanyAPI.Database.csproj", "{4DF00896-8D5F-4BE3-935A-7686057E0014}"
EndProject
Global
	GlobalSection(SolutionConfigurationPlatforms) = preSolution
		Debug|Any CPU = Debug|Any CPU
		Release|Any CPU = Release|Any CPU
	EndGlobalSection
	GlobalSection(ProjectConfigurationPlatforms) = postSolution
		{942AF7B6-ECA1-4D4F-8C56-07C462E99424}.Debug|Any CPU.ActiveCfg = Debug|Any CPU
		{942AF7B6-ECA1-4D4F-8C56-07C462E99424}.Debug|Any CPU.Build.0 = Debug|Any CPU
		{942AF7B6-ECA1-4D4F-8C56-07C462E99424}.Release|Any CPU.ActiveCfg = Release|Any CPU
		{942AF7B6-ECA1-4D4F-8C56-07C462E99424}.Release|Any CPU.Build.0 = Release|Any CPU
		{4DF00896-8D5F-4BE3-935A-7686057E0014}.Debug|Any CPU.ActiveCfg = Debug|Any CPU
		{4DF00896-8D5F-4BE3-935A-7686057E0014}.Debug|Any CPU.Build.0 = Debug|Any CPU
		{4DF00896-8D5F-4BE3-935A-7686057E0014}.Release|Any CPU.ActiveCfg = Release|Any CPU
		{4DF00896-8D5F-4BE3-935A-7686057E0014}.Release|Any CPU.Build.0 = Release|Any CPU
	EndGlobalSection
	GlobalSection(SolutionProperties) = preSolution
		HideSolutionNode = FALSE
	EndGlobalSection
	GlobalSection(ExtensibilityGlobals) = postSolution
		SolutionGuid = {E184FCD4-FDE1-42B8-A134-72612D6CA798}
	EndGlobalSection
EndGlobal
